
Microsoft Visual Studio Solution File, Format Version 12.00
# Visual Studio Version 17
VisualStudioVersion = 17.10.35122.118
MinimumVisualStudioVersion = 10.0.40219.1
Project("{FAE04EC0-301F-11D3-BF4B-00C04F79EFBC}") = "задание 6", "задание 6.csproj", "{9298A7DC-F1D3-42DD-B71A-82290B5FB7BF}"
EndProject
Global
	GlobalSection(SolutionConfigurationPlatforms) = preSolution
		Debug|Any CPU = Debug|Any CPU
		Release|Any CPU = Release|Any CPU
	EndGlobalSection
	GlobalSection(ProjectConfigurationPlatforms) = postSolution
		{9298A7DC-F1D3-42DD-B71A-82290B5FB7BF}.Debug|Any CPU.ActiveCfg = Debug|Any CPU
		{9298A7DC-F1D3-42DD-B71A-82290B5FB7BF}.Debug|Any CPU.Build.0 = Debug|Any CPU
		{9298A7DC-F1D3-42DD-B71A-82290B5FB7BF}.Release|Any CPU.ActiveCfg = Release|Any CPU
		{9298A7DC-F1D3-42DD-B71A-82290B5FB7BF}.Release|Any CPU.Build.0 = Release|Any CPU
	EndGlobalSection
	GlobalSection(SolutionProperties) = preSolution
		HideSolutionNode = FALSE
	EndGlobalSection
	GlobalSection(ExtensibilityGlobals) = postSolution
		SolutionGuid = {6CB5B679-EF42-478E-9BE6-9603A96EB796}
	EndGlobalSection
EndGlobal
